
Microsoft Visual Studio Solution File, Format Version 12.00
# Visual Studio Version 17
VisualStudioVersion = 17.3.32825.248
MinimumVisualStudioVersion = 10.0.40219.1
Project("{9A19103F-16F7-4668-BE54-9A1E7A4F7556}") = "MachineLearning2", "PricePrediction_ConsoleApp1\MachineLearning2.csproj", "{14548E79-BF6D-4394-85C1-8BB702924026}"
EndProject
Project("{9A19103F-16F7-4668-BE54-9A1E7A4F7556}") = "PricePrediction_WebApi1", "PricePrediction_WebApi1\PricePrediction_WebApi1.csproj", "{D3573E4F-2C6C-40BB-9EA0-115ACB1487C5}"
EndProject
Global
	GlobalSection(SolutionConfigurationPlatforms) = preSolution
		Debug|Any CPU = Debug|Any CPU
		Release|Any CPU = Release|Any CPU
	EndGlobalSection
	GlobalSection(ProjectConfigurationPlatforms) = postSolution
		{14548E79-BF6D-4394-85C1-8BB702924026}.Debug|Any CPU.ActiveCfg = Debug|Any CPU
		{14548E79-BF6D-4394-85C1-8BB702924026}.Debug|Any CPU.Build.0 = Debug|Any CPU
		{14548E79-BF6D-4394-85C1-8BB702924026}.Release|Any CPU.ActiveCfg = Release|Any CPU
		{14548E79-BF6D-4394-85C1-8BB702924026}.Release|Any CPU.Build.0 = Release|Any CPU
		{D3573E4F-2C6C-40BB-9EA0-115ACB1487C5}.Debug|Any CPU.ActiveCfg = Debug|Any CPU
		{D3573E4F-2C6C-40BB-9EA0-115ACB1487C5}.Debug|Any CPU.Build.0 = Debug|Any CPU
		{D3573E4F-2C6C-40BB-9EA0-115ACB1487C5}.Release|Any CPU.ActiveCfg = Release|Any CPU
		{D3573E4F-2C6C-40BB-9EA0-115ACB1487C5}.Release|Any CPU.Build.0 = Release|Any CPU
	EndGlobalSection
	GlobalSection(SolutionProperties) = preSolution
		HideSolutionNode = FALSE
	EndGlobalSection
	GlobalSection(ExtensibilityGlobals) = postSolution
		SolutionGuid = {4B0F889B-C72B-4E40-BCD5-ED6729F8CCF2}
	EndGlobalSection
EndGlobal
